
Microsoft Visual Studio Solution File, Format Version 12.00
# Visual Studio Version 16
VisualStudioVersion = 16.0.28809.33
MinimumVisualStudioVersion = 10.0.40219.1
Project("{2150E333-8FDC-42A3-9474-1A3956D46DE8}") = "src", "src", "{E426EAD0-F378-4A3D-9BCD-E42CED54EEC7}"
EndProject
Project("{2150E333-8FDC-42A3-9474-1A3956D46DE8}") = "misc", "misc", "{3CC711D4-F114-4399-A440-711E40600B3B}"
	ProjectSection(SolutionItems) = preProject
		Directory.build.project.props = Directory.build.project.props
		Directory.build.props = Directory.build.props
		Directory.build.shared.explicit.props = Directory.build.shared.explicit.props
		Directory.build.shared.implicit.props = Directory.build.shared.implicit.props
		Directory.build.shared.mat.props = Directory.build.shared.mat.props
		Directory.build.targets = Directory.build.targets
		GlobalSuppressions.cs = GlobalSuppressions.cs
		nuget.config = nuget.config
		Orc.Wizard.sln.DotSettings = Orc.Wizard.sln.DotSettings
		SolutionAssemblyInfo.cs = SolutionAssemblyInfo.cs
	EndProjectSection
EndProject
Project("{2150E333-8FDC-42A3-9474-1A3956D46DE8}") = "Core", "Core", "{E58A59BA-FFA8-4D75-A2B9-F6FEFD848E94}"
EndProject
Project("{2150E333-8FDC-42A3-9474-1A3956D46DE8}") = "Test", "Test", "{EFD371A0-BDCD-42EA-9874-0E01FC3D456B}"
EndProject
Project("{2150E333-8FDC-42A3-9474-1A3956D46DE8}") = "Example", "Example", "{AA1FD81A-33B7-4561-AE49-E375A73C2037}"
EndProject
Project("{9A19103F-16F7-4668-BE54-9A1E7A4F7556}") = "Orc.Wizard", "Orc.Wizard\Orc.Wizard.csproj", "{B5BF9F67-3CA7-4728-AB3E-08A54BDB33DC}"
EndProject
Project("{9A19103F-16F7-4668-BE54-9A1E7A4F7556}") = "Orc.Wizard.Example.NET", "Orc.Wizard.Example.NET\Orc.Wizard.Example.NET.csproj", "{4EAF5292-3A1E-4A0D-AFF1-F7723CB53544}"
EndProject
Project("{9A19103F-16F7-4668-BE54-9A1E7A4F7556}") = "Orc.Wizard.Tests", "Orc.Wizard.Tests\Orc.Wizard.Tests.csproj", "{D264208D-3103-40E3-ACDA-0EDC7F994A9B}"
EndProject
Global
	GlobalSection(SolutionConfigurationPlatforms) = preSolution
		Debug|Any CPU = Debug|Any CPU
		Release|Any CPU = Release|Any CPU
	EndGlobalSection
	GlobalSection(ProjectConfigurationPlatforms) = postSolution
		{B5BF9F67-3CA7-4728-AB3E-08A54BDB33DC}.Debug|Any CPU.ActiveCfg = Debug|Any CPU
		{B5BF9F67-3CA7-4728-AB3E-08A54BDB33DC}.Debug|Any CPU.Build.0 = Debug|Any CPU
		{B5BF9F67-3CA7-4728-AB3E-08A54BDB33DC}.Release|Any CPU.ActiveCfg = Release|Any CPU
		{B5BF9F67-3CA7-4728-AB3E-08A54BDB33DC}.Release|Any CPU.Build.0 = Release|Any CPU
		{4EAF5292-3A1E-4A0D-AFF1-F7723CB53544}.Debug|Any CPU.ActiveCfg = Debug|Any CPU
		{4EAF5292-3A1E-4A0D-AFF1-F7723CB53544}.Debug|Any CPU.Build.0 = Debug|Any CPU
		{4EAF5292-3A1E-4A0D-AFF1-F7723CB53544}.Release|Any CPU.ActiveCfg = Release|Any CPU
		{4EAF5292-3A1E-4A0D-AFF1-F7723CB53544}.Release|Any CPU.Build.0 = Release|Any CPU
		{D264208D-3103-40E3-ACDA-0EDC7F994A9B}.Debug|Any CPU.ActiveCfg = Debug|Any CPU
		{D264208D-3103-40E3-ACDA-0EDC7F994A9B}.Debug|Any CPU.Build.0 = Debug|Any CPU
		{D264208D-3103-40E3-ACDA-0EDC7F994A9B}.Release|Any CPU.ActiveCfg = Release|Any CPU
		{D264208D-3103-40E3-ACDA-0EDC7F994A9B}.Release|Any CPU.Build.0 = Release|Any CPU
	EndGlobalSection
	GlobalSection(SolutionProperties) = preSolution
		HideSolutionNode = FALSE
	EndGlobalSection
	GlobalSection(NestedProjects) = preSolution
		{E58A59BA-FFA8-4D75-A2B9-F6FEFD848E94} = {E426EAD0-F378-4A3D-9BCD-E42CED54EEC7}
		{EFD371A0-BDCD-42EA-9874-0E01FC3D456B} = {E426EAD0-F378-4A3D-9BCD-E42CED54EEC7}
		{AA1FD81A-33B7-4561-AE49-E375A73C2037} = {E426EAD0-F378-4A3D-9BCD-E42CED54EEC7}
		{B5BF9F67-3CA7-4728-AB3E-08A54BDB33DC} = {E58A59BA-FFA8-4D75-A2B9-F6FEFD848E94}
		{4EAF5292-3A1E-4A0D-AFF1-F7723CB53544} = {AA1FD81A-33B7-4561-AE49-E375A73C2037}
		{D264208D-3103-40E3-ACDA-0EDC7F994A9B} = {EFD371A0-BDCD-42EA-9874-0E01FC3D456B}
	EndGlobalSection
	GlobalSection(ExtensibilityGlobals) = postSolution
		SolutionGuid = {01E12760-4D69-4488-8B5B-49DEF4D919CA}
	EndGlobalSection
EndGlobal
