
Microsoft Visual Studio Solution File, Format Version 12.00
# Visual Studio 15
VisualStudioVersion = 15.0.26020.0
MinimumVisualStudioVersion = 10.0.40219.1
Project("{2150E333-8FDC-42A3-9474-1A3956D46DE8}") = "src", "src", "{E426EAD0-F378-4A3D-9BCD-E42CED54EEC7}"
EndProject
Project("{2150E333-8FDC-42A3-9474-1A3956D46DE8}") = "misc", "misc", "{3CC711D4-F114-4399-A440-711E40600B3B}"
	ProjectSection(SolutionItems) = preProject
		Directory.build.project.props = Directory.build.project.props
		Directory.build.props = Directory.build.props
		Directory.build.shared.explicit.props = Directory.build.shared.explicit.props
		Directory.build.shared.implicit.props = Directory.build.shared.implicit.props
		Directory.build.targets = Directory.build.targets
		GlobalSuppressions.cs = GlobalSuppressions.cs
		nuget.config = nuget.config
		Orc.Wizard.sln.DotSettings = Orc.Wizard.sln.DotSettings
		SolutionAssemblyInfo.cs = SolutionAssemblyInfo.cs
	EndProjectSection
EndProject
Project("{2150E333-8FDC-42A3-9474-1A3956D46DE8}") = "Core", "Core", "{E58A59BA-FFA8-4D75-A2B9-F6FEFD848E94}"
EndProject
Project("{2150E333-8FDC-42A3-9474-1A3956D46DE8}") = "Test", "Test", "{EFD371A0-BDCD-42EA-9874-0E01FC3D456B}"
EndProject
Project("{2150E333-8FDC-42A3-9474-1A3956D46DE8}") = "Example", "Example", "{AA1FD81A-33B7-4561-AE49-E375A73C2037}"
EndProject
Project("{9A19103F-16F7-4668-BE54-9A1E7A4F7556}") = "Orc.Wizard", "Orc.Wizard\Orc.Wizard.csproj", "{A3531F38-F04B-49CF-865F-D9C9CB43914D}"
EndProject
Project("{D954291E-2A0B-460D-934E-DC6B0785DB48}") = "Orc.Wizard.Tests.Shared", "Orc.Wizard.Tests.Shared\Orc.Wizard.Tests.Shared.shproj", "{722FB1B8-8295-457D-9616-3B7B8693E3B1}"
EndProject
Project("{FAE04EC0-301F-11D3-BF4B-00C04F79EFBC}") = "Orc.Wizard.Tests.NET", "Orc.Wizard.Tests.NET\Orc.Wizard.Tests.NET.csproj", "{5349BFBE-A3C7-4E49-B235-2A7447269C33}"
EndProject
Project("{9A19103F-16F7-4668-BE54-9A1E7A4F7556}") = "Orc.Wizard.Example.NET", "Orc.Wizard.Example.NET\Orc.Wizard.Example.NET.csproj", "{4EAF5292-3A1E-4A0D-AFF1-F7723CB53544}"
EndProject
Global
	GlobalSection(SharedMSBuildProjectFiles) = preSolution
		Orc.Wizard.Tests.Shared\Orc.Wizard.Tests.Shared.projitems*{5349bfbe-a3c7-4e49-b235-2a7447269c33}*SharedItemsImports = 4
		Orc.Wizard.Tests.Shared\Orc.Wizard.Tests.Shared.projitems*{722fb1b8-8295-457d-9616-3b7b8693e3b1}*SharedItemsImports = 13
	EndGlobalSection
	GlobalSection(SolutionConfigurationPlatforms) = preSolution
		Debug|Any CPU = Debug|Any CPU
		Release|Any CPU = Release|Any CPU
	EndGlobalSection
	GlobalSection(ProjectConfigurationPlatforms) = postSolution
		{A3531F38-F04B-49CF-865F-D9C9CB43914D}.Debug|Any CPU.ActiveCfg = Debug|Any CPU
		{A3531F38-F04B-49CF-865F-D9C9CB43914D}.Debug|Any CPU.Build.0 = Debug|Any CPU
		{A3531F38-F04B-49CF-865F-D9C9CB43914D}.Release|Any CPU.ActiveCfg = Release|Any CPU
		{A3531F38-F04B-49CF-865F-D9C9CB43914D}.Release|Any CPU.Build.0 = Release|Any CPU
		{5349BFBE-A3C7-4E49-B235-2A7447269C33}.Debug|Any CPU.ActiveCfg = Debug|Any CPU
		{5349BFBE-A3C7-4E49-B235-2A7447269C33}.Debug|Any CPU.Build.0 = Debug|Any CPU
		{5349BFBE-A3C7-4E49-B235-2A7447269C33}.Release|Any CPU.ActiveCfg = Release|Any CPU
		{5349BFBE-A3C7-4E49-B235-2A7447269C33}.Release|Any CPU.Build.0 = Release|Any CPU
		{4EAF5292-3A1E-4A0D-AFF1-F7723CB53544}.Debug|Any CPU.ActiveCfg = Debug|Any CPU
		{4EAF5292-3A1E-4A0D-AFF1-F7723CB53544}.Debug|Any CPU.Build.0 = Debug|Any CPU
		{4EAF5292-3A1E-4A0D-AFF1-F7723CB53544}.Release|Any CPU.ActiveCfg = Release|Any CPU
		{4EAF5292-3A1E-4A0D-AFF1-F7723CB53544}.Release|Any CPU.Build.0 = Release|Any CPU
	EndGlobalSection
	GlobalSection(SolutionProperties) = preSolution
		HideSolutionNode = FALSE
	EndGlobalSection
	GlobalSection(NestedProjects) = preSolution
		{E58A59BA-FFA8-4D75-A2B9-F6FEFD848E94} = {E426EAD0-F378-4A3D-9BCD-E42CED54EEC7}
		{EFD371A0-BDCD-42EA-9874-0E01FC3D456B} = {E426EAD0-F378-4A3D-9BCD-E42CED54EEC7}
		{AA1FD81A-33B7-4561-AE49-E375A73C2037} = {E426EAD0-F378-4A3D-9BCD-E42CED54EEC7}
		{A3531F38-F04B-49CF-865F-D9C9CB43914D} = {E58A59BA-FFA8-4D75-A2B9-F6FEFD848E94}
		{722FB1B8-8295-457D-9616-3B7B8693E3B1} = {EFD371A0-BDCD-42EA-9874-0E01FC3D456B}
		{5349BFBE-A3C7-4E49-B235-2A7447269C33} = {EFD371A0-BDCD-42EA-9874-0E01FC3D456B}
		{4EAF5292-3A1E-4A0D-AFF1-F7723CB53544} = {AA1FD81A-33B7-4561-AE49-E375A73C2037}
	EndGlobalSection
	GlobalSection(ExtensibilityGlobals) = postSolution
		SolutionGuid = {01E12760-4D69-4488-8B5B-49DEF4D919CA}
	EndGlobalSection
EndGlobal
